// !$*UTF8*$!
{
	archiveVersion = 1;
	classes = {
	};
	objectVersion = 50;
	objects = {

/* Begin PBXBuildFile section */
		24C0BF0A2243DBD7001FE764 /* AppDelegate.swift in Sources */ = {isa = PBXBuildFile; fileRef = 24C0BF092243DBD7001FE764 /* AppDelegate.swift */; };
		24C0BF0C2243DBD7001FE764 /* ViewController.swift in Sources */ = {isa = PBXBuildFile; fileRef = 24C0BF0B2243DBD7001FE764 /* ViewController.swift */; };
		24C0BF0F2243DBD7001FE764 /* Main.storyboard in Resources */ = {isa = PBXBuildFile; fileRef = 24C0BF0D2243DBD7001FE764 /* Main.storyboard */; };
		24C0BF112243DBD9001FE764 /* Assets.xcassets in Resources */ = {isa = PBXBuildFile; fileRef = 24C0BF102243DBD9001FE764 /* Assets.xcassets */; };
		24C0BF142243DBD9001FE764 /* LaunchScreen.storyboard in Resources */ = {isa = PBXBuildFile; fileRef = 24C0BF122243DBD9001FE764 /* LaunchScreen.storyboard */; };
		24C0BF1C2243DD0D001FE764 /* Extension.swift in Sources */ = {isa = PBXBuildFile; fileRef = 24C0BF1B2243DD0D001FE764 /* Extension.swift */; };
		24C0BF1E2243DD61001FE764 /* RoundedShadowImageView.swift in Sources */ = {isa = PBXBuildFile; fileRef = 24C0BF1D2243DD61001FE764 /* RoundedShadowImageView.swift */; };
		24FC0E6B2244ED050070AF3D /* CameraController.swift in Sources */ = {isa = PBXBuildFile; fileRef = 24FC0E6A2244ED050070AF3D /* CameraController.swift */; };
		24FC0E6D2245278F0070AF3D /* ScaledHeightImageView.swift in Sources */ = {isa = PBXBuildFile; fileRef = 24FC0E6C2245278F0070AF3D /* ScaledHeightImageView.swift */; };
/* End PBXBuildFile section */

/* Begin PBXFileReference section */
		24C0BF062243DBD7001FE764 /* CoreMLDetection.app */ = {isa = PBXFileReference; explicitFileType = wrapper.application; includeInIndex = 0; path = CoreMLDetection.app; sourceTree = BUILT_PRODUCTS_DIR; };
		24C0BF092243DBD7001FE764 /* AppDelegate.swift */ = {isa = PBXFileReference; lastKnownFileType = sourcecode.swift; path = AppDelegate.swift; sourceTree = "<group>"; };
		24C0BF0B2243DBD7001FE764 /* ViewController.swift */ = {isa = PBXFileReference; lastKnownFileType = sourcecode.swift; path = ViewController.swift; sourceTree = "<group>"; };
		24C0BF0E2243DBD7001FE764 /* Base */ = {isa = PBXFileReference; lastKnownFileType = file.storyboard; name = Base; path = Base.lproj/Main.storyboard; sourceTree = "<group>"; };
		24C0BF102243DBD9001FE764 /* Assets.xcassets */ = {isa = PBXFileReference; lastKnownFileType = folder.assetcatalog; path = Assets.xcassets; sourceTree = "<group>"; };
		24C0BF132243DBD9001FE764 /* Base */ = {isa = PBXFileReference; lastKnownFileType = file.storyboard; name = Base; path = Base.lproj/LaunchScreen.storyboard; sourceTree = "<group>"; };
		24C0BF152243DBD9001FE764 /* Info.plist */ = {isa = PBXFileReference; lastKnownFileType = text.plist.xml; path = Info.plist; sourceTree = "<group>"; };
		24C0BF1B2243DD0D001FE764 /* Extension.swift */ = {isa = PBXFileReference; lastKnownFileType = sourcecode.swift; path = Extension.swift; sourceTree = "<group>"; };
		24C0BF1D2243DD61001FE764 /* RoundedShadowImageView.swift */ = {isa = PBXFileReference; lastKnownFileType = sourcecode.swift; path = RoundedShadowImageView.swift; sourceTree = "<group>"; };
		24FC0E6A2244ED050070AF3D /* CameraController.swift */ = {isa = PBXFileReference; lastKnownFileType = sourcecode.swift; path = CameraController.swift; sourceTree = "<group>"; };
		24FC0E6C2245278F0070AF3D /* ScaledHeightImageView.swift */ = {isa = PBXFileReference; lastKnownFileType = sourcecode.swift; path = ScaledHeightImageView.swift; sourceTree = "<group>"; };
/* End PBXFileReference section */

/* Begin PBXFrameworksBuildPhase section */
		24C0BF032243DBD7001FE764 /* Frameworks */ = {
			isa = PBXFrameworksBuildPhase;
			buildActionMask = 2147483647;
			files = (
			);
			runOnlyForDeploymentPostprocessing = 0;
		};
/* End PBXFrameworksBuildPhase section */

/* Begin PBXGroup section */
		24C0BEFD2243DBD7001FE764 = {
			isa = PBXGroup;
			children = (
				24C0BF082243DBD7001FE764 /* CoreMLDetection */,
				24C0BF072243DBD7001FE764 /* Products */,
			);
			sourceTree = "<group>";
		};
		24C0BF072243DBD7001FE764 /* Products */ = {
			isa = PBXGroup;
			children = (
				24C0BF062243DBD7001FE764 /* CoreMLDetection.app */,
			);
			name = Products;
			sourceTree = "<group>";
		};
		24C0BF082243DBD7001FE764 /* CoreMLDetection */ = {
			isa = PBXGroup;
			children = (
				24FC0E6F224535860070AF3D /* Extension */,
				24C0BF1F2243DD7F001FE764 /* View */,
				24FC0E6E224535340070AF3D /* Controller */,
				24C0BF092243DBD7001FE764 /* AppDelegate.swift */,
				24C0BF0D2243DBD7001FE764 /* Main.storyboard */,
				24C0BF102243DBD9001FE764 /* Assets.xcassets */,
				24C0BF122243DBD9001FE764 /* LaunchScreen.storyboard */,
				24C0BF152243DBD9001FE764 /* Info.plist */,
			);
			path = CoreMLDetection;
			sourceTree = "<group>";
		};
		24C0BF1F2243DD7F001FE764 /* View */ = {
			isa = PBXGroup;
			children = (
				24FC0E6C2245278F0070AF3D /* ScaledHeightImageView.swift */,
				24C0BF1D2243DD61001FE764 /* RoundedShadowImageView.swift */,
			);
			path = View;
			sourceTree = "<group>";
		};
		24FC0E6E224535340070AF3D /* Controller */ = {
			isa = PBXGroup;
			children = (
				24FC0E6A2244ED050070AF3D /* CameraController.swift */,
				24C0BF0B2243DBD7001FE764 /* ViewController.swift */,
			);
			path = Controller;
			sourceTree = "<group>";
		};
		24FC0E6F224535860070AF3D /* Extension */ = {
			isa = PBXGroup;
			children = (
				24C0BF1B2243DD0D001FE764 /* Extension.swift */,
			);
			path = Extension;
			sourceTree = "<group>";
		};
/* End PBXGroup section */

/* Begin PBXNativeTarget section */
		24C0BF052243DBD7001FE764 /* CoreMLDetection */ = {
			isa = PBXNativeTarget;
			buildConfigurationList = 24C0BF182243DBD9001FE764 /* Build configuration list for PBXNativeTarget "CoreMLDetection" */;
			buildPhases = (
				24C0BF022243DBD7001FE764 /* Sources */,
				24C0BF032243DBD7001FE764 /* Frameworks */,
				24C0BF042243DBD7001FE764 /* Resources */,
			);
			buildRules = (
			);
			dependencies = (
			);
			name = CoreMLDetection;
			productName = CoreMLDetection;
			productReference = 24C0BF062243DBD7001FE764 /* CoreMLDetection.app */;
			productType = "com.apple.product-type.application";
		};
/* End PBXNativeTarget section */

/* Begin PBXProject section */
		24C0BEFE2243DBD7001FE764 /* Project object */ = {
			isa = PBXProject;
			attributes = {
				LastSwiftUpdateCheck = 1020;
				LastUpgradeCheck = 1020;
				ORGANIZATIONNAME = "Ilija Mihajlovic";
				TargetAttributes = {
					24C0BF052243DBD7001FE764 = {
						CreatedOnToolsVersion = 10.2;
					};
				};
			};
			buildConfigurationList = 24C0BF012243DBD7001FE764 /* Build configuration list for PBXProject "CoreMLDetection" */;
			compatibilityVersion = "Xcode 9.3";
			developmentRegion = en;
			hasScannedForEncodings = 0;
			knownRegions = (
				en,
				Base,
			);
			mainGroup = 24C0BEFD2243DBD7001FE764;
			productRefGroup = 24C0BF072243DBD7001FE764 /* Products */;
			projectDirPath = "";
			projectRoot = "";
			targets = (
				24C0BF052243DBD7001FE764 /* CoreMLDetection */,
			);
		};
/* End PBXProject section */

/* Begin PBXResourcesBuildPhase section */
		24C0BF042243DBD7001FE764 /* Resources */ = {
			isa = PBXResourcesBuildPhase;
			buildActionMask = 2147483647;
			files = (
				24C0BF142243DBD9001FE764 /* LaunchScreen.storyboard in Resources */,
				24C0BF112243DBD9001FE764 /* Assets.xcassets in Resources */,
				24C0BF0F2243DBD7001FE764 /* Main.storyboard in Resources */,
			);
			runOnlyForDeploymentPostprocessing = 0;
		};
/* End PBXResourcesBuildPhase section */

/* Begin PBXSourcesBuildPhase section */
		24C0BF022243DBD7001FE764 /* Sources */ = {
			isa = PBXSourcesBuildPhase;
			buildActionMask = 2147483647;
			files = (
				24C0BF1E2243DD61001FE764 /* RoundedShadowImageView.swift in Sources */,
				24FC0E6D2245278F0070AF3D /* ScaledHeightImageView.swift in Sources */,
				24C0BF1C2243DD0D001FE764 /* Extension.swift in Sources */,
				24C0BF0C2243DBD7001FE764 /* ViewController.swift in Sources */,
				24C0BF0A2243DBD7001FE764 /* AppDelegate.swift in Sources */,
				24FC0E6B2244ED050070AF3D /* CameraController.swift in Sources */,
			);
			runOnlyForDeploymentPostprocessing = 0;
		};
/* End PBXSourcesBuildPhase section */

/* Begin PBXVariantGroup section */
		24C0BF0D2243DBD7001FE764 /* Main.storyboard */ = {
			isa = PBXVariantGroup;
			children = (
				24C0BF0E2243DBD7001FE764 /* Base */,
			);
			name = Main.storyboard;
			sourceTree = "<group>";
		};
		24C0BF122243DBD9001FE764 /* LaunchScreen.storyboard */ = {
			isa = PBXVariantGroup;
			children = (
				24C0BF132243DBD9001FE764 /* Base */,
			);
			name = LaunchScreen.storyboard;
			sourceTree = "<group>";
		};
/* End PBXVariantGroup section */

/* Begin XCBuildConfiguration section */
		24C0BF162243DBD9001FE764 /* Debug */ = {
			isa = XCBuildConfiguration;
			buildSettings = {
				ALWAYS_SEARCH_USER_PATHS = NO;
				CLANG_ANALYZER_NONNULL = YES;
				CLANG_ANALYZER_NUMBER_OBJECT_CONVERSION = YES_AGGRESSIVE;
				CLANG_CXX_LANGUAGE_STANDARD = "gnu++14";
				CLANG_CXX_LIBRARY = "libc++";
				CLANG_ENABLE_MODULES = YES;
				CLANG_ENABLE_OBJC_ARC = YES;
				CLANG_ENABLE_OBJC_WEAK = YES;
				CLANG_WARN_BLOCK_CAPTURE_AUTORELEASING = YES;
				CLANG_WARN_BOOL_CONVERSION = YES;
				CLANG_WARN_COMMA = YES;
				CLANG_WARN_CONSTANT_CONVERSION = YES;
				CLANG_WARN_DEPRECATED_OBJC_IMPLEMENTATIONS = YES;
				CLANG_WARN_DIRECT_OBJC_ISA_USAGE = YES_ERROR;
				CLANG_WARN_DOCUMENTATION_COMMENTS = YES;
				CLANG_WARN_EMPTY_BODY = YES;
				CLANG_WARN_ENUM_CONVERSION = YES;
				CLANG_WARN_INFINITE_RECURSION = YES;
				CLANG_WARN_INT_CONVERSION = YES;
				CLANG_WARN_NON_LITERAL_NULL_CONVERSION = YES;
				CLANG_WARN_OBJC_IMPLICIT_RETAIN_SELF = YES;
				CLANG_WARN_OBJC_LITERAL_CONVERSION = YES;
				CLANG_WARN_OBJC_ROOT_CLASS = YES_ERROR;
				CLANG_WARN_RANGE_LOOP_ANALYSIS = YES;
				CLANG_WARN_STRICT_PROTOTYPES = YES;
				CLANG_WARN_SUSPICIOUS_MOVE = YES;
				CLANG_WARN_UNGUARDED_AVAILABILITY = YES_AGGRESSIVE;
				CLANG_WARN_UNREACHABLE_CODE = YES;
				CLANG_WARN__DUPLICATE_METHOD_MATCH = YES;
				CODE_SIGN_IDENTITY = "iPhone Developer";
				COPY_PHASE_STRIP = NO;
				DEBUG_INFORMATION_FORMAT = dwarf;
				ENABLE_STRICT_OBJC_MSGSEND = YES;
				ENABLE_TESTABILITY = YES;
				GCC_C_LANGUAGE_STANDARD = gnu11;
				GCC_DYNAMIC_NO_PIC = NO;
				GCC_NO_COMMON_BLOCKS = YES;
				GCC_OPTIMIZATION_LEVEL = 0;
				GCC_PREPROCESSOR_DEFINITIONS = (
					"DEBUG=1",
					"$(inherited)",
				);
				GCC_WARN_64_TO_32_BIT_CONVERSION = YES;
				GCC_WARN_ABOUT_RETURN_TYPE = YES_ERROR;
				GCC_WARN_UNDECLARED_SELECTOR = YES;
				GCC_WARN_UNINITIALIZED_AUTOS = YES_AGGRESSIVE;
				GCC_WARN_UNUSED_FUNCTION = YES;
				GCC_WARN_UNUSED_VARIABLE = YES;
				IPHONEOS_DEPLOYMENT_TARGET = 12.2;
				MTL_ENABLE_DEBUG_INFO = INCLUDE_SOURCE;
				MTL_FAST_MATH = YES;
				ONLY_ACTIVE_ARCH = YES;
				SDKROOT = iphoneos;
				SWIFT_ACTIVE_COMPILATION_CONDITIONS = DEBUG;
				SWIFT_OPTIMIZATION_LEVEL = "-Onone";
			};
			name = Debug;
		};
		24C0BF172243DBD9001FE764 /* Release */ = {
			isa = XCBuildConfiguration;
			buildSettings = {
				ALWAYS_SEARCH_USER_PATHS = NO;
				CLANG_ANALYZER_NONNULL = YES;
				CLANG_ANALYZER_NUMBER_OBJECT_CONVERSION = YES_AGGRESSIVE;
				CLANG_CXX_LANGUAGE_STANDARD = "gnu++14";
				CLANG_CXX_LIBRARY = "libc++";
				CLANG_ENABLE_MODULES = YES;
				CLANG_ENABLE_OBJC_ARC = YES;
				CLANG_ENABLE_OBJC_WEAK = YES;
				CLANG_WARN_BLOCK_CAPTURE_AUTORELEASING = YES;
				CLANG_WARN_BOOL_CONVERSION = YES;
				CLANG_WARN_COMMA = YES;
				CLANG_WARN_CONSTANT_CONVERSION = YES;
				CLANG_WARN_DEPRECATED_OBJC_IMPLEMENTATIONS = YES;
				CLANG_WARN_DIRECT_OBJC_ISA_USAGE = YES_ERROR;
				CLANG_WARN_DOCUMENTATION_COMMENTS = YES;
				CLANG_WARN_EMPTY_BODY = YES;
				CLANG_WARN_ENUM_CONVERSION = YES;
				CLANG_WARN_INFINITE_RECURSION = YES;
				CLANG_WARN_INT_CONVERSION = YES;
				CLANG_WARN_NON_LITERAL_NULL_CONVERSION = YES;
				CLANG_WARN_OBJC_IMPLICIT_RETAIN_SELF = YES;
				CLANG_WARN_OBJC_LITERAL_CONVERSION = YES;
				CLANG_WARN_OBJC_ROOT_CLASS = YES_ERROR;
				CLANG_WARN_RANGE_LOOP_ANALYSIS = YES;
				CLANG_WARN_STRICT_PROTOTYPES = YES;
				CLANG_WARN_SUSPICIOUS_MOVE = YES;
				CLANG_WARN_UNGUARDED_AVAILABILITY = YES_AGGRESSIVE;
				CLANG_WARN_UNREACHABLE_CODE = YES;
				CLANG_WARN__DUPLICATE_METHOD_MATCH = YES;
				CODE_SIGN_IDENTITY = "iPhone Developer";
				COPY_PHASE_STRIP = NO;
				DEBUG_INFORMATION_FORMAT = "dwarf-with-dsym";
				ENABLE_NS_ASSERTIONS = NO;
				ENABLE_STRICT_OBJC_MSGSEND = YES;
				GCC_C_LANGUAGE_STANDARD = gnu11;
				GCC_NO_COMMON_BLOCKS = YES;
				GCC_WARN_64_TO_32_BIT_CONVERSION = YES;
				GCC_WARN_ABOUT_RETURN_TYPE = YES_ERROR;
				GCC_WARN_UNDECLARED_SELECTOR = YES;
				GCC_WARN_UNINITIALIZED_AUTOS = YES_AGGRESSIVE;
				GCC_WARN_UNUSED_FUNCTION = YES;
				GCC_WARN_UNUSED_VARIABLE = YES;
				IPHONEOS_DEPLOYMENT_TARGET = 12.2;
				MTL_ENABLE_DEBUG_INFO = NO;
				MTL_FAST_MATH = YES;
				SDKROOT = iphoneos;
				SWIFT_COMPILATION_MODE = wholemodule;
				SWIFT_OPTIMIZATION_LEVEL = "-O";
				VALIDATE_PRODUCT = YES;
			};
			name = Release;
		};
		24C0BF192243DBD9001FE764 /* Debug */ = {
			isa = XCBuildConfiguration;
			buildSettings = {
				ASSETCATALOG_COMPILER_APPICON_NAME = AppIcon;
				CODE_SIGN_STYLE = Automatic;
				DEVELOPMENT_TEAM = SUTP3K4588;
				INFOPLIST_FILE = CoreMLDetection/Info.plist;
				LD_RUNPATH_SEARCH_PATHS = (
					"$(inherited)",
					"@executable_path/Frameworks",
				);
				PRODUCT_BUNDLE_IDENTIFIER = com.MafiaCaffe.CoreMLDetection;
				PRODUCT_NAME = "$(TARGET_NAME)";
				SWIFT_VERSION = 5.0;
				TARGETED_DEVICE_FAMILY = "1,2";
			};
			name = Debug;
		};
		24C0BF1A2243DBD9001FE764 /* Release */ = {
			isa = XCBuildConfiguration;
			buildSettings = {
				ASSETCATALOG_COMPILER_APPICON_NAME = AppIcon;
				CODE_SIGN_STYLE = Automatic;
				DEVELOPMENT_TEAM = SUTP3K4588;
				INFOPLIST_FILE = CoreMLDetection/Info.plist;
				LD_RUNPATH_SEARCH_PATHS = (
					"$(inherited)",
					"@executable_path/Frameworks",
				);
				PRODUCT_BUNDLE_IDENTIFIER = com.MafiaCaffe.CoreMLDetection;
				PRODUCT_NAME = "$(TARGET_NAME)";
				SWIFT_VERSION = 5.0;
				TARGETED_DEVICE_FAMILY = "1,2";
			};
			name = Release;
		};
/* End XCBuildConfiguration section */

/* Begin XCConfigurationList section */
		24C0BF012243DBD7001FE764 /* Build configuration list for PBXProject "CoreMLDetection" */ = {
			isa = XCConfigurationList;
			buildConfigurations = (
				24C0BF162243DBD9001FE764 /* Debug */,
				24C0BF172243DBD9001FE764 /* Release */,
			);
			defaultConfigurationIsVisible = 0;
			defaultConfigurationName = Release;
		};
		24C0BF182243DBD9001FE764 /* Build configuration list for PBXNativeTarget "CoreMLDetection" */ = {
			isa = XCConfigurationList;
			buildConfigurations = (
				24C0BF192243DBD9001FE764 /* Debug */,
				24C0BF1A2243DBD9001FE764 /* Release */,
			);
			defaultConfigurationIsVisible = 0;
			defaultConfigurationName = Release;
		};
/* End XCConfigurationList section */
	};
	rootObject = 24C0BEFE2243DBD7001FE764 /* Project object */;
}
